
Microsoft Visual Studio Solution File, Format Version 12.00
# Visual Studio Version 16
VisualStudioVersion = 16.0.30114.105
MinimumVisualStudioVersion = 10.0.40219.1
Project("{F2A71F9B-5D33-465A-A702-920D77279786}") = "WebFrame", "WebFrame\WebFrame.fsproj", "{3E970AED-6315-44FF-9C3D-EAF7ADF17804}"
EndProject
Project("{F2A71F9B-5D33-465A-A702-920D77279786}") = "WebFrame.Test", "WebFrame.Test\WebFrame.Test.fsproj", "{2CDFFCA5-6EE3-4212-AD72-28304F76848B}"
EndProject
Project("{2150E333-8FDC-42A3-9474-1A3956D46DE8}") = "Samples", "Samples", "{10075972-9166-4D47-87B1-47DC4567CE57}"
EndProject
Project("{F2A71F9B-5D33-465A-A702-920D77279786}") = "Minimal", "Samples\Minimal\Minimal.fsproj", "{3D7380B8-3BD7-4D58-97AD-731D1463CE54}"
EndProject
Project("{F2A71F9B-5D33-465A-A702-920D77279786}") = "LocalServer", "Samples\LocalServer\LocalServer.fsproj", "{4E0C0625-E5E8-4EE7-A7F0-8C4D79DC191C}"
EndProject
Project("{F2A71F9B-5D33-465A-A702-920D77279786}") = "Modules", "Samples\Modules\Modules.fsproj", "{8D830FBE-7B0C-44C4-8B27-914E8F051D2C}"
EndProject
Project("{F2A71F9B-5D33-465A-A702-920D77279786}") = "TestServer", "Samples\TestServer\TestServer.fsproj", "{AB0DE2F3-CB50-4F7C-9EA3-292109341F12}"
EndProject
Project("{F2A71F9B-5D33-465A-A702-920D77279786}") = "AdvancedServer", "Samples\AdvancedServer\AdvancedServer.fsproj", "{D2304055-B211-4815-9267-A5B193440530}"
EndProject
Project("{F2A71F9B-5D33-465A-A702-920D77279786}") = "StandardServer", "Samples\StandardServer\StandardServer.fsproj", "{B5D8BCB2-8231-44BD-846C-F53DEBE88DBC}"
EndProject
Global
	GlobalSection(SolutionConfigurationPlatforms) = preSolution
		Debug|Any CPU = Debug|Any CPU
		Debug|x64 = Debug|x64
		Debug|x86 = Debug|x86
		Release|Any CPU = Release|Any CPU
		Release|x64 = Release|x64
		Release|x86 = Release|x86
	EndGlobalSection
	GlobalSection(SolutionProperties) = preSolution
		HideSolutionNode = FALSE
	EndGlobalSection
	GlobalSection(ProjectConfigurationPlatforms) = postSolution
		{3E970AED-6315-44FF-9C3D-EAF7ADF17804}.Debug|Any CPU.ActiveCfg = Debug|Any CPU
		{3E970AED-6315-44FF-9C3D-EAF7ADF17804}.Debug|Any CPU.Build.0 = Debug|Any CPU
		{3E970AED-6315-44FF-9C3D-EAF7ADF17804}.Debug|x64.ActiveCfg = Debug|Any CPU
		{3E970AED-6315-44FF-9C3D-EAF7ADF17804}.Debug|x64.Build.0 = Debug|Any CPU
		{3E970AED-6315-44FF-9C3D-EAF7ADF17804}.Debug|x86.ActiveCfg = Debug|Any CPU
		{3E970AED-6315-44FF-9C3D-EAF7ADF17804}.Debug|x86.Build.0 = Debug|Any CPU
		{3E970AED-6315-44FF-9C3D-EAF7ADF17804}.Release|Any CPU.ActiveCfg = Release|Any CPU
		{3E970AED-6315-44FF-9C3D-EAF7ADF17804}.Release|Any CPU.Build.0 = Release|Any CPU
		{3E970AED-6315-44FF-9C3D-EAF7ADF17804}.Release|x64.ActiveCfg = Release|Any CPU
		{3E970AED-6315-44FF-9C3D-EAF7ADF17804}.Release|x64.Build.0 = Release|Any CPU
		{3E970AED-6315-44FF-9C3D-EAF7ADF17804}.Release|x86.ActiveCfg = Release|Any CPU
		{3E970AED-6315-44FF-9C3D-EAF7ADF17804}.Release|x86.Build.0 = Release|Any CPU
		{2CDFFCA5-6EE3-4212-AD72-28304F76848B}.Debug|Any CPU.ActiveCfg = Debug|Any CPU
		{2CDFFCA5-6EE3-4212-AD72-28304F76848B}.Debug|Any CPU.Build.0 = Debug|Any CPU
		{2CDFFCA5-6EE3-4212-AD72-28304F76848B}.Debug|x64.ActiveCfg = Debug|Any CPU
		{2CDFFCA5-6EE3-4212-AD72-28304F76848B}.Debug|x64.Build.0 = Debug|Any CPU
		{2CDFFCA5-6EE3-4212-AD72-28304F76848B}.Debug|x86.ActiveCfg = Debug|Any CPU
		{2CDFFCA5-6EE3-4212-AD72-28304F76848B}.Debug|x86.Build.0 = Debug|Any CPU
		{2CDFFCA5-6EE3-4212-AD72-28304F76848B}.Release|Any CPU.ActiveCfg = Release|Any CPU
		{2CDFFCA5-6EE3-4212-AD72-28304F76848B}.Release|Any CPU.Build.0 = Release|Any CPU
		{2CDFFCA5-6EE3-4212-AD72-28304F76848B}.Release|x64.ActiveCfg = Release|Any CPU
		{2CDFFCA5-6EE3-4212-AD72-28304F76848B}.Release|x64.Build.0 = Release|Any CPU
		{2CDFFCA5-6EE3-4212-AD72-28304F76848B}.Release|x86.ActiveCfg = Release|Any CPU
		{2CDFFCA5-6EE3-4212-AD72-28304F76848B}.Release|x86.Build.0 = Release|Any CPU
		{3D7380B8-3BD7-4D58-97AD-731D1463CE54}.Debug|Any CPU.ActiveCfg = Debug|Any CPU
		{3D7380B8-3BD7-4D58-97AD-731D1463CE54}.Debug|Any CPU.Build.0 = Debug|Any CPU
		{3D7380B8-3BD7-4D58-97AD-731D1463CE54}.Debug|x64.ActiveCfg = Debug|Any CPU
		{3D7380B8-3BD7-4D58-97AD-731D1463CE54}.Debug|x64.Build.0 = Debug|Any CPU
		{3D7380B8-3BD7-4D58-97AD-731D1463CE54}.Debug|x86.ActiveCfg = Debug|Any CPU
		{3D7380B8-3BD7-4D58-97AD-731D1463CE54}.Debug|x86.Build.0 = Debug|Any CPU
		{3D7380B8-3BD7-4D58-97AD-731D1463CE54}.Release|Any CPU.ActiveCfg = Release|Any CPU
		{3D7380B8-3BD7-4D58-97AD-731D1463CE54}.Release|Any CPU.Build.0 = Release|Any CPU
		{3D7380B8-3BD7-4D58-97AD-731D1463CE54}.Release|x64.ActiveCfg = Release|Any CPU
		{3D7380B8-3BD7-4D58-97AD-731D1463CE54}.Release|x64.Build.0 = Release|Any CPU
		{3D7380B8-3BD7-4D58-97AD-731D1463CE54}.Release|x86.ActiveCfg = Release|Any CPU
		{3D7380B8-3BD7-4D58-97AD-731D1463CE54}.Release|x86.Build.0 = Release|Any CPU
		{4E0C0625-E5E8-4EE7-A7F0-8C4D79DC191C}.Debug|Any CPU.ActiveCfg = Debug|Any CPU
		{4E0C0625-E5E8-4EE7-A7F0-8C4D79DC191C}.Debug|Any CPU.Build.0 = Debug|Any CPU
		{4E0C0625-E5E8-4EE7-A7F0-8C4D79DC191C}.Debug|x64.ActiveCfg = Debug|Any CPU
		{4E0C0625-E5E8-4EE7-A7F0-8C4D79DC191C}.Debug|x64.Build.0 = Debug|Any CPU
		{4E0C0625-E5E8-4EE7-A7F0-8C4D79DC191C}.Debug|x86.ActiveCfg = Debug|Any CPU
		{4E0C0625-E5E8-4EE7-A7F0-8C4D79DC191C}.Debug|x86.Build.0 = Debug|Any CPU
		{4E0C0625-E5E8-4EE7-A7F0-8C4D79DC191C}.Release|Any CPU.ActiveCfg = Release|Any CPU
		{4E0C0625-E5E8-4EE7-A7F0-8C4D79DC191C}.Release|Any CPU.Build.0 = Release|Any CPU
		{4E0C0625-E5E8-4EE7-A7F0-8C4D79DC191C}.Release|x64.ActiveCfg = Release|Any CPU
		{4E0C0625-E5E8-4EE7-A7F0-8C4D79DC191C}.Release|x64.Build.0 = Release|Any CPU
		{4E0C0625-E5E8-4EE7-A7F0-8C4D79DC191C}.Release|x86.ActiveCfg = Release|Any CPU
		{4E0C0625-E5E8-4EE7-A7F0-8C4D79DC191C}.Release|x86.Build.0 = Release|Any CPU
		{8D830FBE-7B0C-44C4-8B27-914E8F051D2C}.Debug|Any CPU.ActiveCfg = Debug|Any CPU
		{8D830FBE-7B0C-44C4-8B27-914E8F051D2C}.Debug|Any CPU.Build.0 = Debug|Any CPU
		{8D830FBE-7B0C-44C4-8B27-914E8F051D2C}.Debug|x64.ActiveCfg = Debug|Any CPU
		{8D830FBE-7B0C-44C4-8B27-914E8F051D2C}.Debug|x64.Build.0 = Debug|Any CPU
		{8D830FBE-7B0C-44C4-8B27-914E8F051D2C}.Debug|x86.ActiveCfg = Debug|Any CPU
		{8D830FBE-7B0C-44C4-8B27-914E8F051D2C}.Debug|x86.Build.0 = Debug|Any CPU
		{8D830FBE-7B0C-44C4-8B27-914E8F051D2C}.Release|Any CPU.ActiveCfg = Release|Any CPU
		{8D830FBE-7B0C-44C4-8B27-914E8F051D2C}.Release|Any CPU.Build.0 = Release|Any CPU
		{8D830FBE-7B0C-44C4-8B27-914E8F051D2C}.Release|x64.ActiveCfg = Release|Any CPU
		{8D830FBE-7B0C-44C4-8B27-914E8F051D2C}.Release|x64.Build.0 = Release|Any CPU
		{8D830FBE-7B0C-44C4-8B27-914E8F051D2C}.Release|x86.ActiveCfg = Release|Any CPU
		{8D830FBE-7B0C-44C4-8B27-914E8F051D2C}.Release|x86.Build.0 = Release|Any CPU
		{AB0DE2F3-CB50-4F7C-9EA3-292109341F12}.Debug|Any CPU.ActiveCfg = Debug|Any CPU
		{AB0DE2F3-CB50-4F7C-9EA3-292109341F12}.Debug|Any CPU.Build.0 = Debug|Any CPU
		{AB0DE2F3-CB50-4F7C-9EA3-292109341F12}.Debug|x64.ActiveCfg = Debug|Any CPU
		{AB0DE2F3-CB50-4F7C-9EA3-292109341F12}.Debug|x64.Build.0 = Debug|Any CPU
		{AB0DE2F3-CB50-4F7C-9EA3-292109341F12}.Debug|x86.ActiveCfg = Debug|Any CPU
		{AB0DE2F3-CB50-4F7C-9EA3-292109341F12}.Debug|x86.Build.0 = Debug|Any CPU
		{AB0DE2F3-CB50-4F7C-9EA3-292109341F12}.Release|Any CPU.ActiveCfg = Release|Any CPU
		{AB0DE2F3-CB50-4F7C-9EA3-292109341F12}.Release|Any CPU.Build.0 = Release|Any CPU
		{AB0DE2F3-CB50-4F7C-9EA3-292109341F12}.Release|x64.ActiveCfg = Release|Any CPU
		{AB0DE2F3-CB50-4F7C-9EA3-292109341F12}.Release|x64.Build.0 = Release|Any CPU
		{AB0DE2F3-CB50-4F7C-9EA3-292109341F12}.Release|x86.ActiveCfg = Release|Any CPU
		{AB0DE2F3-CB50-4F7C-9EA3-292109341F12}.Release|x86.Build.0 = Release|Any CPU
		{D2304055-B211-4815-9267-A5B193440530}.Debug|Any CPU.ActiveCfg = Debug|Any CPU
		{D2304055-B211-4815-9267-A5B193440530}.Debug|Any CPU.Build.0 = Debug|Any CPU
		{D2304055-B211-4815-9267-A5B193440530}.Debug|x64.ActiveCfg = Debug|Any CPU
		{D2304055-B211-4815-9267-A5B193440530}.Debug|x64.Build.0 = Debug|Any CPU
		{D2304055-B211-4815-9267-A5B193440530}.Debug|x86.ActiveCfg = Debug|Any CPU
		{D2304055-B211-4815-9267-A5B193440530}.Debug|x86.Build.0 = Debug|Any CPU
		{D2304055-B211-4815-9267-A5B193440530}.Release|Any CPU.ActiveCfg = Release|Any CPU
		{D2304055-B211-4815-9267-A5B193440530}.Release|Any CPU.Build.0 = Release|Any CPU
		{D2304055-B211-4815-9267-A5B193440530}.Release|x64.ActiveCfg = Release|Any CPU
		{D2304055-B211-4815-9267-A5B193440530}.Release|x64.Build.0 = Release|Any CPU
		{D2304055-B211-4815-9267-A5B193440530}.Release|x86.ActiveCfg = Release|Any CPU
		{D2304055-B211-4815-9267-A5B193440530}.Release|x86.Build.0 = Release|Any CPU
		{B5D8BCB2-8231-44BD-846C-F53DEBE88DBC}.Debug|Any CPU.ActiveCfg = Debug|Any CPU
		{B5D8BCB2-8231-44BD-846C-F53DEBE88DBC}.Debug|Any CPU.Build.0 = Debug|Any CPU
		{B5D8BCB2-8231-44BD-846C-F53DEBE88DBC}.Debug|x64.ActiveCfg = Debug|Any CPU
		{B5D8BCB2-8231-44BD-846C-F53DEBE88DBC}.Debug|x64.Build.0 = Debug|Any CPU
		{B5D8BCB2-8231-44BD-846C-F53DEBE88DBC}.Debug|x86.ActiveCfg = Debug|Any CPU
		{B5D8BCB2-8231-44BD-846C-F53DEBE88DBC}.Debug|x86.Build.0 = Debug|Any CPU
		{B5D8BCB2-8231-44BD-846C-F53DEBE88DBC}.Release|Any CPU.ActiveCfg = Release|Any CPU
		{B5D8BCB2-8231-44BD-846C-F53DEBE88DBC}.Release|Any CPU.Build.0 = Release|Any CPU
		{B5D8BCB2-8231-44BD-846C-F53DEBE88DBC}.Release|x64.ActiveCfg = Release|Any CPU
		{B5D8BCB2-8231-44BD-846C-F53DEBE88DBC}.Release|x64.Build.0 = Release|Any CPU
		{B5D8BCB2-8231-44BD-846C-F53DEBE88DBC}.Release|x86.ActiveCfg = Release|Any CPU
		{B5D8BCB2-8231-44BD-846C-F53DEBE88DBC}.Release|x86.Build.0 = Release|Any CPU
	EndGlobalSection
	GlobalSection(NestedProjects) = preSolution
		{3D7380B8-3BD7-4D58-97AD-731D1463CE54} = {10075972-9166-4D47-87B1-47DC4567CE57}
		{4E0C0625-E5E8-4EE7-A7F0-8C4D79DC191C} = {10075972-9166-4D47-87B1-47DC4567CE57}
		{8D830FBE-7B0C-44C4-8B27-914E8F051D2C} = {10075972-9166-4D47-87B1-47DC4567CE57}
		{AB0DE2F3-CB50-4F7C-9EA3-292109341F12} = {10075972-9166-4D47-87B1-47DC4567CE57}
		{D2304055-B211-4815-9267-A5B193440530} = {10075972-9166-4D47-87B1-47DC4567CE57}
		{B5D8BCB2-8231-44BD-846C-F53DEBE88DBC} = {10075972-9166-4D47-87B1-47DC4567CE57}
	EndGlobalSection
EndGlobal
